// !$*UTF8*$!
{
	archiveVersion = 1;
	classes = {
	};
	objectVersion = 56;
	objects = {

/* Begin PBXBuildFile section */
		97396A532BC41BF300895DA1 /* AppDelegate.swift in Sources */ = {isa = PBXBuildFile; fileRef = 97396A522BC41BF300895DA1 /* AppDelegate.swift */; };
		97396A552BC41BF300895DA1 /* SceneDelegate.swift in Sources */ = {isa = PBXBuildFile; fileRef = 97396A542BC41BF300895DA1 /* SceneDelegate.swift */; };
		97396A572BC41BF300895DA1 /* CarsViewController.swift in Sources */ = {isa = PBXBuildFile; fileRef = 97396A562BC41BF300895DA1 /* CarsViewController.swift */; };
		97396A5D2BC41BF300895DA1 /* CoreDataCars.xcdatamodeld in Sources */ = {isa = PBXBuildFile; fileRef = 97396A5B2BC41BF300895DA1 /* CoreDataCars.xcdatamodeld */; };
		97396A5F2BC41BFB00895DA1 /* Assets.xcassets in Resources */ = {isa = PBXBuildFile; fileRef = 97396A5E2BC41BFB00895DA1 /* Assets.xcassets */; };
		97396A622BC41BFB00895DA1 /* LaunchScreen.storyboard in Resources */ = {isa = PBXBuildFile; fileRef = 97396A602BC41BFB00895DA1 /* LaunchScreen.storyboard */; };
		97396A6A2BC41C2100895DA1 /* CarsListTableViewController.swift in Sources */ = {isa = PBXBuildFile; fileRef = 97396A692BC41C2100895DA1 /* CarsListTableViewController.swift */; };
		977BF0412BC4258C00C39FCC /* Car+CoreDataClass.swift in Sources */ = {isa = PBXBuildFile; fileRef = 977BF03F2BC4258C00C39FCC /* Car+CoreDataClass.swift */; };
		977BF0422BC4258C00C39FCC /* Car+CoreDataProperties.swift in Sources */ = {isa = PBXBuildFile; fileRef = 977BF0402BC4258C00C39FCC /* Car+CoreDataProperties.swift */; };
		977BF0462BC427A800C39FCC /* CoreDataManager.swift in Sources */ = {isa = PBXBuildFile; fileRef = 977BF0452BC427A800C39FCC /* CoreDataManager.swift */; };
/* End PBXBuildFile section */

/* Begin PBXFileReference section */
		97396A4F2BC41BF300895DA1 /* CoreDataCars.app */ = {isa = PBXFileReference; explicitFileType = wrapper.application; includeInIndex = 0; path = CoreDataCars.app; sourceTree = BUILT_PRODUCTS_DIR; };
		97396A522BC41BF300895DA1 /* AppDelegate.swift */ = {isa = PBXFileReference; lastKnownFileType = sourcecode.swift; path = AppDelegate.swift; sourceTree = "<group>"; };
		97396A542BC41BF300895DA1 /* SceneDelegate.swift */ = {isa = PBXFileReference; lastKnownFileType = sourcecode.swift; path = SceneDelegate.swift; sourceTree = "<group>"; };
		97396A562BC41BF300895DA1 /* CarsViewController.swift */ = {isa = PBXFileReference; lastKnownFileType = sourcecode.swift; path = CarsViewController.swift; sourceTree = "<group>"; };
		97396A5C2BC41BF300895DA1 /* CoreDataCars.xcdatamodel */ = {isa = PBXFileReference; lastKnownFileType = wrapper.xcdatamodel; path = CoreDataCars.xcdatamodel; sourceTree = "<group>"; };
		97396A5E2BC41BFB00895DA1 /* Assets.xcassets */ = {isa = PBXFileReference; lastKnownFileType = folder.assetcatalog; path = Assets.xcassets; sourceTree = "<group>"; };
		97396A612BC41BFB00895DA1 /* Base */ = {isa = PBXFileReference; lastKnownFileType = file.storyboard; name = Base; path = Base.lproj/LaunchScreen.storyboard; sourceTree = "<group>"; };
		97396A632BC41BFB00895DA1 /* Info.plist */ = {isa = PBXFileReference; lastKnownFileType = text.plist.xml; path = Info.plist; sourceTree = "<group>"; };
		97396A692BC41C2100895DA1 /* CarsListTableViewController.swift */ = {isa = PBXFileReference; lastKnownFileType = sourcecode.swift; path = CarsListTableViewController.swift; sourceTree = "<group>"; };
		977BF03F2BC4258C00C39FCC /* Car+CoreDataClass.swift */ = {isa = PBXFileReference; lastKnownFileType = sourcecode.swift; path = "Car+CoreDataClass.swift"; sourceTree = "<group>"; };
		977BF0402BC4258C00C39FCC /* Car+CoreDataProperties.swift */ = {isa = PBXFileReference; lastKnownFileType = sourcecode.swift; path = "Car+CoreDataProperties.swift"; sourceTree = "<group>"; };
		977BF0452BC427A800C39FCC /* CoreDataManager.swift */ = {isa = PBXFileReference; lastKnownFileType = sourcecode.swift; path = CoreDataManager.swift; sourceTree = "<group>"; };
/* End PBXFileReference section */

/* Begin PBXFrameworksBuildPhase section */
		97396A4C2BC41BF300895DA1 /* Frameworks */ = {
			isa = PBXFrameworksBuildPhase;
			buildActionMask = 2147483647;
			files = (
			);
			runOnlyForDeploymentPostprocessing = 0;
		};
/* End PBXFrameworksBuildPhase section */

/* Begin PBXGroup section */
		97396A462BC41BF300895DA1 = {
			isa = PBXGroup;
			children = (
				97396A512BC41BF300895DA1 /* CoreDataCars */,
				97396A502BC41BF300895DA1 /* Products */,
			);
			sourceTree = "<group>";
		};
		97396A502BC41BF300895DA1 /* Products */ = {
			isa = PBXGroup;
			children = (
				97396A4F2BC41BF300895DA1 /* CoreDataCars.app */,
			);
			name = Products;
			sourceTree = "<group>";
		};
		97396A512BC41BF300895DA1 /* CoreDataCars */ = {
			isa = PBXGroup;
			children = (
				977BF0442BC4264200C39FCC /* Model */,
				97396A562BC41BF300895DA1 /* CarsViewController.swift */,
				97396A692BC41C2100895DA1 /* CarsListTableViewController.swift */,
				977BF0472BC42FF000C39FCC /* Supporting Files */,
				97396A632BC41BFB00895DA1 /* Info.plist */,
			);
			path = CoreDataCars;
			sourceTree = "<group>";
		};
		977BF0432BC4262900C39FCC /* Entity */ = {
			isa = PBXGroup;
			children = (
				977BF03F2BC4258C00C39FCC /* Car+CoreDataClass.swift */,
				977BF0402BC4258C00C39FCC /* Car+CoreDataProperties.swift */,
			);
			name = Entity;
			path = ..;
			sourceTree = "<group>";
		};
		977BF0442BC4264200C39FCC /* Model */ = {
			isa = PBXGroup;
			children = (
				977BF0452BC427A800C39FCC /* CoreDataManager.swift */,
				97396A5B2BC41BF300895DA1 /* CoreDataCars.xcdatamodeld */,
				977BF0432BC4262900C39FCC /* Entity */,
			);
			path = Model;
			sourceTree = "<group>";
		};
		977BF0472BC42FF000C39FCC /* Supporting Files */ = {
			isa = PBXGroup;
			children = (
				97396A542BC41BF300895DA1 /* SceneDelegate.swift */,
				97396A522BC41BF300895DA1 /* AppDelegate.swift */,
				97396A5E2BC41BFB00895DA1 /* Assets.xcassets */,
				97396A602BC41BFB00895DA1 /* LaunchScreen.storyboard */,
			);
			name = "Supporting Files";
			sourceTree = "<group>";
		};
/* End PBXGroup section */

/* Begin PBXNativeTarget section */
		97396A4E2BC41BF300895DA1 /* CoreDataCars */ = {
			isa = PBXNativeTarget;
			buildConfigurationList = 97396A662BC41BFB00895DA1 /* Build configuration list for PBXNativeTarget "CoreDataCars" */;
			buildPhases = (
				97396A4B2BC41BF300895DA1 /* Sources */,
				97396A4C2BC41BF300895DA1 /* Frameworks */,
				97396A4D2BC41BF300895DA1 /* Resources */,
			);
			buildRules = (
			);
			dependencies = (
			);
			name = CoreDataCars;
			productName = CoreDataCars;
			productReference = 97396A4F2BC41BF300895DA1 /* CoreDataCars.app */;
			productType = "com.apple.product-type.application";
		};
/* End PBXNativeTarget section */

/* Begin PBXProject section */
		97396A472BC41BF300895DA1 /* Project object */ = {
			isa = PBXProject;
			attributes = {
				BuildIndependentTargetsInParallel = 1;
				LastSwiftUpdateCheck = 1420;
				LastUpgradeCheck = 1420;
				TargetAttributes = {
					97396A4E2BC41BF300895DA1 = {
						CreatedOnToolsVersion = 14.2;
					};
				};
			};
			buildConfigurationList = 97396A4A2BC41BF300895DA1 /* Build configuration list for PBXProject "CoreDataCars" */;
			compatibilityVersion = "Xcode 14.0";
			developmentRegion = en;
			hasScannedForEncodings = 0;
			knownRegions = (
				en,
				Base,
			);
			mainGroup = 97396A462BC41BF300895DA1;
			productRefGroup = 97396A502BC41BF300895DA1 /* Products */;
			projectDirPath = "";
			projectRoot = "";
			targets = (
				97396A4E2BC41BF300895DA1 /* CoreDataCars */,
			);
		};
/* End PBXProject section */

/* Begin PBXResourcesBuildPhase section */
		97396A4D2BC41BF300895DA1 /* Resources */ = {
			isa = PBXResourcesBuildPhase;
			buildActionMask = 2147483647;
			files = (
				97396A622BC41BFB00895DA1 /* LaunchScreen.storyboard in Resources */,
				97396A5F2BC41BFB00895DA1 /* Assets.xcassets in Resources */,
			);
			runOnlyForDeploymentPostprocessing = 0;
		};
/* End PBXResourcesBuildPhase section */

/* Begin PBXSourcesBuildPhase section */
		97396A4B2BC41BF300895DA1 /* Sources */ = {
			isa = PBXSourcesBuildPhase;
			buildActionMask = 2147483647;
			files = (
				97396A572BC41BF300895DA1 /* CarsViewController.swift in Sources */,
				97396A5D2BC41BF300895DA1 /* CoreDataCars.xcdatamodeld in Sources */,
				977BF0422BC4258C00C39FCC /* Car+CoreDataProperties.swift in Sources */,
				977BF0412BC4258C00C39FCC /* Car+CoreDataClass.swift in Sources */,
				97396A532BC41BF300895DA1 /* AppDelegate.swift in Sources */,
				97396A552BC41BF300895DA1 /* SceneDelegate.swift in Sources */,
				977BF0462BC427A800C39FCC /* CoreDataManager.swift in Sources */,
				97396A6A2BC41C2100895DA1 /* CarsListTableViewController.swift in Sources */,
			);
			runOnlyForDeploymentPostprocessing = 0;
		};
/* End PBXSourcesBuildPhase section */

/* Begin PBXVariantGroup section */
		97396A602BC41BFB00895DA1 /* LaunchScreen.storyboard */ = {
			isa = PBXVariantGroup;
			children = (
				97396A612BC41BFB00895DA1 /* Base */,
			);
			name = LaunchScreen.storyboard;
			sourceTree = "<group>";
		};
/* End PBXVariantGroup section */

/* Begin XCBuildConfiguration section */
		97396A642BC41BFB00895DA1 /* Debug */ = {
			isa = XCBuildConfiguration;
			buildSettings = {
				ALWAYS_SEARCH_USER_PATHS = NO;
				CLANG_ANALYZER_NONNULL = YES;
				CLANG_ANALYZER_NUMBER_OBJECT_CONVERSION = YES_AGGRESSIVE;
				CLANG_CXX_LANGUAGE_STANDARD = "gnu++20";
				CLANG_ENABLE_MODULES = YES;
				CLANG_ENABLE_OBJC_ARC = YES;
				CLANG_ENABLE_OBJC_WEAK = YES;
				CLANG_WARN_BLOCK_CAPTURE_AUTORELEASING = YES;
				CLANG_WARN_BOOL_CONVERSION = YES;
				CLANG_WARN_COMMA = YES;
				CLANG_WARN_CONSTANT_CONVERSION = YES;
				CLANG_WARN_DEPRECATED_OBJC_IMPLEMENTATIONS = YES;
				CLANG_WARN_DIRECT_OBJC_ISA_USAGE = YES_ERROR;
				CLANG_WARN_DOCUMENTATION_COMMENTS = YES;
				CLANG_WARN_EMPTY_BODY = YES;
				CLANG_WARN_ENUM_CONVERSION = YES;
				CLANG_WARN_INFINITE_RECURSION = YES;
				CLANG_WARN_INT_CONVERSION = YES;
				CLANG_WARN_NON_LITERAL_NULL_CONVERSION = YES;
				CLANG_WARN_OBJC_IMPLICIT_RETAIN_SELF = YES;
				CLANG_WARN_OBJC_LITERAL_CONVERSION = YES;
				CLANG_WARN_OBJC_ROOT_CLASS = YES_ERROR;
				CLANG_WARN_QUOTED_INCLUDE_IN_FRAMEWORK_HEADER = YES;
				CLANG_WARN_RANGE_LOOP_ANALYSIS = YES;
				CLANG_WARN_STRICT_PROTOTYPES = YES;
				CLANG_WARN_SUSPICIOUS_MOVE = YES;
				CLANG_WARN_UNGUARDED_AVAILABILITY = YES_AGGRESSIVE;
				CLANG_WARN_UNREACHABLE_CODE = YES;
				CLANG_WARN__DUPLICATE_METHOD_MATCH = YES;
				COPY_PHASE_STRIP = NO;
				DEBUG_INFORMATION_FORMAT = dwarf;
				ENABLE_STRICT_OBJC_MSGSEND = YES;
				ENABLE_TESTABILITY = YES;
				GCC_C_LANGUAGE_STANDARD = gnu11;
				GCC_DYNAMIC_NO_PIC = NO;
				GCC_NO_COMMON_BLOCKS = YES;
				GCC_OPTIMIZATION_LEVEL = 0;
				GCC_PREPROCESSOR_DEFINITIONS = (
					"DEBUG=1",
					"$(inherited)",
				);
				GCC_WARN_64_TO_32_BIT_CONVERSION = YES;
				GCC_WARN_ABOUT_RETURN_TYPE = YES_ERROR;
				GCC_WARN_UNDECLARED_SELECTOR = YES;
				GCC_WARN_UNINITIALIZED_AUTOS = YES_AGGRESSIVE;
				GCC_WARN_UNUSED_FUNCTION = YES;
				GCC_WARN_UNUSED_VARIABLE = YES;
				IPHONEOS_DEPLOYMENT_TARGET = 16.2;
				MTL_ENABLE_DEBUG_INFO = INCLUDE_SOURCE;
				MTL_FAST_MATH = YES;
				ONLY_ACTIVE_ARCH = YES;
				SDKROOT = iphoneos;
				SWIFT_ACTIVE_COMPILATION_CONDITIONS = DEBUG;
				SWIFT_OPTIMIZATION_LEVEL = "-Onone";
			};
			name = Debug;
		};
		97396A652BC41BFB00895DA1 /* Release */ = {
			isa = XCBuildConfiguration;
			buildSettings = {
				ALWAYS_SEARCH_USER_PATHS = NO;
				CLANG_ANALYZER_NONNULL = YES;
				CLANG_ANALYZER_NUMBER_OBJECT_CONVERSION = YES_AGGRESSIVE;
				CLANG_CXX_LANGUAGE_STANDARD = "gnu++20";
				CLANG_ENABLE_MODULES = YES;
				CLANG_ENABLE_OBJC_ARC = YES;
				CLANG_ENABLE_OBJC_WEAK = YES;
				CLANG_WARN_BLOCK_CAPTURE_AUTORELEASING = YES;
				CLANG_WARN_BOOL_CONVERSION = YES;
				CLANG_WARN_COMMA = YES;
				CLANG_WARN_CONSTANT_CONVERSION = YES;
				CLANG_WARN_DEPRECATED_OBJC_IMPLEMENTATIONS = YES;
				CLANG_WARN_DIRECT_OBJC_ISA_USAGE = YES_ERROR;
				CLANG_WARN_DOCUMENTATION_COMMENTS = YES;
				CLANG_WARN_EMPTY_BODY = YES;
				CLANG_WARN_ENUM_CONVERSION = YES;
				CLANG_WARN_INFINITE_RECURSION = YES;
				CLANG_WARN_INT_CONVERSION = YES;
				CLANG_WARN_NON_LITERAL_NULL_CONVERSION = YES;
				CLANG_WARN_OBJC_IMPLICIT_RETAIN_SELF = YES;
				CLANG_WARN_OBJC_LITERAL_CONVERSION = YES;
				CLANG_WARN_OBJC_ROOT_CLASS = YES_ERROR;
				CLANG_WARN_QUOTED_INCLUDE_IN_FRAMEWORK_HEADER = YES;
				CLANG_WARN_RANGE_LOOP_ANALYSIS = YES;
				CLANG_WARN_STRICT_PROTOTYPES = YES;
				CLANG_WARN_SUSPICIOUS_MOVE = YES;
				CLANG_WARN_UNGUARDED_AVAILABILITY = YES_AGGRESSIVE;
				CLANG_WARN_UNREACHABLE_CODE = YES;
				CLANG_WARN__DUPLICATE_METHOD_MATCH = YES;
				COPY_PHASE_STRIP = NO;
				DEBUG_INFORMATION_FORMAT = "dwarf-with-dsym";
				ENABLE_NS_ASSERTIONS = NO;
				ENABLE_STRICT_OBJC_MSGSEND = YES;
				GCC_C_LANGUAGE_STANDARD = gnu11;
				GCC_NO_COMMON_BLOCKS = YES;
				GCC_WARN_64_TO_32_BIT_CONVERSION = YES;
				GCC_WARN_ABOUT_RETURN_TYPE = YES_ERROR;
				GCC_WARN_UNDECLARED_SELECTOR = YES;
				GCC_WARN_UNINITIALIZED_AUTOS = YES_AGGRESSIVE;
				GCC_WARN_UNUSED_FUNCTION = YES;
				GCC_WARN_UNUSED_VARIABLE = YES;
				IPHONEOS_DEPLOYMENT_TARGET = 16.2;
				MTL_ENABLE_DEBUG_INFO = NO;
				MTL_FAST_MATH = YES;
				SDKROOT = iphoneos;
				SWIFT_COMPILATION_MODE = wholemodule;
				SWIFT_OPTIMIZATION_LEVEL = "-O";
				VALIDATE_PRODUCT = YES;
			};
			name = Release;
		};
		97396A672BC41BFB00895DA1 /* Debug */ = {
			isa = XCBuildConfiguration;
			buildSettings = {
				ASSETCATALOG_COMPILER_APPICON_NAME = AppIcon;
				ASSETCATALOG_COMPILER_GLOBAL_ACCENT_COLOR_NAME = AccentColor;
				CODE_SIGN_STYLE = Automatic;
				CURRENT_PROJECT_VERSION = 1;
				DEVELOPMENT_TEAM = 34J5YT7CZ4;
				GENERATE_INFOPLIST_FILE = YES;
				INFOPLIST_FILE = CoreDataCars/Info.plist;
				INFOPLIST_KEY_UIApplicationSupportsIndirectInputEvents = YES;
				INFOPLIST_KEY_UILaunchStoryboardName = LaunchScreen;
				INFOPLIST_KEY_UISupportedInterfaceOrientations_iPad = "UIInterfaceOrientationPortrait UIInterfaceOrientationPortraitUpsideDown UIInterfaceOrientationLandscapeLeft UIInterfaceOrientationLandscapeRight";
				INFOPLIST_KEY_UISupportedInterfaceOrientations_iPhone = "UIInterfaceOrientationPortrait UIInterfaceOrientationLandscapeLeft UIInterfaceOrientationLandscapeRight";
				LD_RUNPATH_SEARCH_PATHS = (
					"$(inherited)",
					"@executable_path/Frameworks",
				);
				MARKETING_VERSION = 1.0;
				PRODUCT_BUNDLE_IDENTIFIER = Yanouskiy.CoreDataCars;
				PRODUCT_NAME = "$(TARGET_NAME)";
				SWIFT_EMIT_LOC_STRINGS = YES;
				SWIFT_VERSION = 5.0;
				TARGETED_DEVICE_FAMILY = "1,2";
			};
			name = Debug;
		};
		97396A682BC41BFB00895DA1 /* Release */ = {
			isa = XCBuildConfiguration;
			buildSettings = {
				ASSETCATALOG_COMPILER_APPICON_NAME = AppIcon;
				ASSETCATALOG_COMPILER_GLOBAL_ACCENT_COLOR_NAME = AccentColor;
				CODE_SIGN_STYLE = Automatic;
				CURRENT_PROJECT_VERSION = 1;
				DEVELOPMENT_TEAM = 34J5YT7CZ4;
				GENERATE_INFOPLIST_FILE = YES;
				INFOPLIST_FILE = CoreDataCars/Info.plist;
				INFOPLIST_KEY_UIApplicationSupportsIndirectInputEvents = YES;
				INFOPLIST_KEY_UILaunchStoryboardName = LaunchScreen;
				INFOPLIST_KEY_UISupportedInterfaceOrientations_iPad = "UIInterfaceOrientationPortrait UIInterfaceOrientationPortraitUpsideDown UIInterfaceOrientationLandscapeLeft UIInterfaceOrientationLandscapeRight";
				INFOPLIST_KEY_UISupportedInterfaceOrientations_iPhone = "UIInterfaceOrientationPortrait UIInterfaceOrientationLandscapeLeft UIInterfaceOrientationLandscapeRight";
				LD_RUNPATH_SEARCH_PATHS = (
					"$(inherited)",
					"@executable_path/Frameworks",
				);
				MARKETING_VERSION = 1.0;
				PRODUCT_BUNDLE_IDENTIFIER = Yanouskiy.CoreDataCars;
				PRODUCT_NAME = "$(TARGET_NAME)";
				SWIFT_EMIT_LOC_STRINGS = YES;
				SWIFT_VERSION = 5.0;
				TARGETED_DEVICE_FAMILY = "1,2";
			};
			name = Release;
		};
/* End XCBuildConfiguration section */

/* Begin XCConfigurationList section */
		97396A4A2BC41BF300895DA1 /* Build configuration list for PBXProject "CoreDataCars" */ = {
			isa = XCConfigurationList;
			buildConfigurations = (
				97396A642BC41BFB00895DA1 /* Debug */,
				97396A652BC41BFB00895DA1 /* Release */,
			);
			defaultConfigurationIsVisible = 0;
			defaultConfigurationName = Release;
		};
		97396A662BC41BFB00895DA1 /* Build configuration list for PBXNativeTarget "CoreDataCars" */ = {
			isa = XCConfigurationList;
			buildConfigurations = (
				97396A672BC41BFB00895DA1 /* Debug */,
				97396A682BC41BFB00895DA1 /* Release */,
			);
			defaultConfigurationIsVisible = 0;
			defaultConfigurationName = Release;
		};
/* End XCConfigurationList section */

/* Begin XCVersionGroup section */
		97396A5B2BC41BF300895DA1 /* CoreDataCars.xcdatamodeld */ = {
			isa = XCVersionGroup;
			children = (
				97396A5C2BC41BF300895DA1 /* CoreDataCars.xcdatamodel */,
			);
			currentVersion = 97396A5C2BC41BF300895DA1 /* CoreDataCars.xcdatamodel */;
			path = CoreDataCars.xcdatamodeld;
			sourceTree = "<group>";
			versionGroupType = wrapper.xcdatamodel;
		};
/* End XCVersionGroup section */
	};
	rootObject = 97396A472BC41BF300895DA1 /* Project object */;
}
